
Microsoft Visual Studio Solution File, Format Version 12.00
# Visual Studio Version 16
VisualStudioVersion = 16.0.30204.135
MinimumVisualStudioVersion = 10.0.40219.1
Project("{9A19103F-16F7-4668-BE54-9A1E7A4F7556}") = "BookApp.React", "BookApp.React\BookApp.React.csproj", "{9B0A6FC0-7A64-45A4-BCB5-55F973680421}"
EndProject
Project("{00D1A9C2-B5F0-4AF3-8072-F6C62B433612}") = "BookApp.SqlServer", "BookApp.SqlServer\BookApp.SqlServer.sqlproj", "{0E4AFE73-E83E-41FE-A0F0-F1075A925EA0}"
EndProject
Project("{9A19103F-16F7-4668-BE54-9A1E7A4F7556}") = "BookApp.Shared", "BookApp.Shared\BookApp.Shared.csproj", "{C44CA916-190C-4A69-8419-F1743237E7A9}"
EndProject
Project("{9A19103F-16F7-4668-BE54-9A1E7A4F7556}") = "BookApp.Shared.Tests", "BookApp.Shared.Tests\BookApp.Shared.Tests.csproj", "{499D5A92-53F4-4002-B5D8-534283029476}"
EndProject
Project("{FAE04EC0-301F-11D3-BF4B-00C04F79EFBC}") = "BookApp.Apis", "BookApp.Apis\BookApp.Apis.csproj", "{56C76719-FD14-4EB6-BD86-5F3AC8B79153}"
EndProject
Global
	GlobalSection(SolutionConfigurationPlatforms) = preSolution
		Debug|Any CPU = Debug|Any CPU
		Release|Any CPU = Release|Any CPU
	EndGlobalSection
	GlobalSection(ProjectConfigurationPlatforms) = postSolution
		{9B0A6FC0-7A64-45A4-BCB5-55F973680421}.Debug|Any CPU.ActiveCfg = Debug|Any CPU
		{9B0A6FC0-7A64-45A4-BCB5-55F973680421}.Debug|Any CPU.Build.0 = Debug|Any CPU
		{9B0A6FC0-7A64-45A4-BCB5-55F973680421}.Release|Any CPU.ActiveCfg = Release|Any CPU
		{9B0A6FC0-7A64-45A4-BCB5-55F973680421}.Release|Any CPU.Build.0 = Release|Any CPU
		{0E4AFE73-E83E-41FE-A0F0-F1075A925EA0}.Debug|Any CPU.ActiveCfg = Debug|Any CPU
		{0E4AFE73-E83E-41FE-A0F0-F1075A925EA0}.Debug|Any CPU.Build.0 = Debug|Any CPU
		{0E4AFE73-E83E-41FE-A0F0-F1075A925EA0}.Debug|Any CPU.Deploy.0 = Debug|Any CPU
		{0E4AFE73-E83E-41FE-A0F0-F1075A925EA0}.Release|Any CPU.ActiveCfg = Release|Any CPU
		{0E4AFE73-E83E-41FE-A0F0-F1075A925EA0}.Release|Any CPU.Build.0 = Release|Any CPU
		{0E4AFE73-E83E-41FE-A0F0-F1075A925EA0}.Release|Any CPU.Deploy.0 = Release|Any CPU
		{C44CA916-190C-4A69-8419-F1743237E7A9}.Debug|Any CPU.ActiveCfg = Debug|Any CPU
		{C44CA916-190C-4A69-8419-F1743237E7A9}.Debug|Any CPU.Build.0 = Debug|Any CPU
		{C44CA916-190C-4A69-8419-F1743237E7A9}.Release|Any CPU.ActiveCfg = Release|Any CPU
		{C44CA916-190C-4A69-8419-F1743237E7A9}.Release|Any CPU.Build.0 = Release|Any CPU
		{499D5A92-53F4-4002-B5D8-534283029476}.Debug|Any CPU.ActiveCfg = Debug|Any CPU
		{499D5A92-53F4-4002-B5D8-534283029476}.Debug|Any CPU.Build.0 = Debug|Any CPU
		{499D5A92-53F4-4002-B5D8-534283029476}.Release|Any CPU.ActiveCfg = Release|Any CPU
		{499D5A92-53F4-4002-B5D8-534283029476}.Release|Any CPU.Build.0 = Release|Any CPU
		{56C76719-FD14-4EB6-BD86-5F3AC8B79153}.Debug|Any CPU.ActiveCfg = Debug|Any CPU
		{56C76719-FD14-4EB6-BD86-5F3AC8B79153}.Debug|Any CPU.Build.0 = Debug|Any CPU
		{56C76719-FD14-4EB6-BD86-5F3AC8B79153}.Release|Any CPU.ActiveCfg = Release|Any CPU
		{56C76719-FD14-4EB6-BD86-5F3AC8B79153}.Release|Any CPU.Build.0 = Release|Any CPU
	EndGlobalSection
	GlobalSection(SolutionProperties) = preSolution
		HideSolutionNode = FALSE
	EndGlobalSection
	GlobalSection(ExtensibilityGlobals) = postSolution
		SolutionGuid = {DEBDCC35-D13D-459E-BCDB-F694DFB13F96}
	EndGlobalSection
EndGlobal
